
Microsoft Visual Studio Solution File, Format Version 12.00
# Visual Studio 15
VisualStudioVersion = 15.0.28307.421
MinimumVisualStudioVersion = 10.0.40219.1
Project("{FAE04EC0-301F-11D3-BF4B-00C04F79EFBC}") = "Exercicio 1", "Exercicio 1\Exercicio 1.csproj", "{8B661CA4-2346-42CB-9474-DC7AD28680D1}"
EndProject
Global
	GlobalSection(SolutionConfigurationPlatforms) = preSolution
		Debug|Any CPU = Debug|Any CPU
		Release|Any CPU = Release|Any CPU
	EndGlobalSection
	GlobalSection(ProjectConfigurationPlatforms) = postSolution
		{8B661CA4-2346-42CB-9474-DC7AD28680D1}.Debug|Any CPU.ActiveCfg = Debug|Any CPU
		{8B661CA4-2346-42CB-9474-DC7AD28680D1}.Debug|Any CPU.Build.0 = Debug|Any CPU
		{8B661CA4-2346-42CB-9474-DC7AD28680D1}.Release|Any CPU.ActiveCfg = Release|Any CPU
		{8B661CA4-2346-42CB-9474-DC7AD28680D1}.Release|Any CPU.Build.0 = Release|Any CPU
	EndGlobalSection
	GlobalSection(SolutionProperties) = preSolution
		HideSolutionNode = FALSE
	EndGlobalSection
	GlobalSection(ExtensibilityGlobals) = postSolution
		SolutionGuid = {DBB0217B-CCA7-4A70-A9C9-2B0710033BE6}
	EndGlobalSection
EndGlobal
