
Microsoft Visual Studio Solution File, Format Version 12.00
# Visual Studio 15
VisualStudioVersion = 15.0.28307.421
MinimumVisualStudioVersion = 10.0.40219.1
Project("{FAE04EC0-301F-11D3-BF4B-00C04F79EFBC}") = "Validação", "Validação\Validação.csproj", "{5E1E6AB0-4F2A-40AE-AA4F-7EBEE3CBBACD}"
EndProject
Global
	GlobalSection(SolutionConfigurationPlatforms) = preSolution
		Debug|Any CPU = Debug|Any CPU
		Release|Any CPU = Release|Any CPU
	EndGlobalSection
	GlobalSection(ProjectConfigurationPlatforms) = postSolution
		{5E1E6AB0-4F2A-40AE-AA4F-7EBEE3CBBACD}.Debug|Any CPU.ActiveCfg = Debug|Any CPU
		{5E1E6AB0-4F2A-40AE-AA4F-7EBEE3CBBACD}.Debug|Any CPU.Build.0 = Debug|Any CPU
		{5E1E6AB0-4F2A-40AE-AA4F-7EBEE3CBBACD}.Release|Any CPU.ActiveCfg = Release|Any CPU
		{5E1E6AB0-4F2A-40AE-AA4F-7EBEE3CBBACD}.Release|Any CPU.Build.0 = Release|Any CPU
	EndGlobalSection
	GlobalSection(SolutionProperties) = preSolution
		HideSolutionNode = FALSE
	EndGlobalSection
	GlobalSection(ExtensibilityGlobals) = postSolution
		SolutionGuid = {09DED020-5476-470B-B61A-8D3275728FD9}
	EndGlobalSection
EndGlobal
